
Microsoft Visual Studio Solution File, Format Version 12.00
# Visual Studio Version 16
VisualStudioVersion = 16.0.29806.167
MinimumVisualStudioVersion = 10.0.40219.1
Project("{FAE04EC0-301F-11D3-BF4B-00C04F79EFBC}") = "OOP 8Lab", "OOP 8Lab\OOP 8Lab.csproj", "{531824EB-6131-488A-A6CD-42CAF50285DD}"
EndProject
Global
	GlobalSection(SolutionConfigurationPlatforms) = preSolution
		Debug|Any CPU = Debug|Any CPU
		Release|Any CPU = Release|Any CPU
	EndGlobalSection
	GlobalSection(ProjectConfigurationPlatforms) = postSolution
		{531824EB-6131-488A-A6CD-42CAF50285DD}.Debug|Any CPU.ActiveCfg = Debug|Any CPU
		{531824EB-6131-488A-A6CD-42CAF50285DD}.Debug|Any CPU.Build.0 = Debug|Any CPU
		{531824EB-6131-488A-A6CD-42CAF50285DD}.Release|Any CPU.ActiveCfg = Release|Any CPU
		{531824EB-6131-488A-A6CD-42CAF50285DD}.Release|Any CPU.Build.0 = Release|Any CPU
	EndGlobalSection
	GlobalSection(SolutionProperties) = preSolution
		HideSolutionNode = FALSE
	EndGlobalSection
	GlobalSection(ExtensibilityGlobals) = postSolution
		SolutionGuid = {61CC6A61-3E50-49C3-B6B5-E817EE251E2D}
	EndGlobalSection
EndGlobal
